// !$*UTF8*$!
{
	archiveVersion = 1;
	classes = {
	};
	objectVersion = 50;
	objects = {

/* Begin PBXBuildFile section */
		8C357AA327C40E7F007DA7B8 /* AppDelegate.swift in Sources */ = {isa = PBXBuildFile; fileRef = 8C357AA227C40E7F007DA7B8 /* AppDelegate.swift */; };
		8C357AA527C40E7F007DA7B8 /* SceneDelegate.swift in Sources */ = {isa = PBXBuildFile; fileRef = 8C357AA427C40E7F007DA7B8 /* SceneDelegate.swift */; };
		8C357AA727C40E7F007DA7B8 /* ConversationsViewController.swift in Sources */ = {isa = PBXBuildFile; fileRef = 8C357AA627C40E7F007DA7B8 /* ConversationsViewController.swift */; };
		8C357AAA27C40E7F007DA7B8 /* Main.storyboard in Resources */ = {isa = PBXBuildFile; fileRef = 8C357AA827C40E7F007DA7B8 /* Main.storyboard */; };
		8C357AAD27C40E7F007DA7B8 /* MessangerProject.xcdatamodeld in Sources */ = {isa = PBXBuildFile; fileRef = 8C357AAB27C40E7F007DA7B8 /* MessangerProject.xcdatamodeld */; };
		8C357AAF27C40E89007DA7B8 /* Assets.xcassets in Resources */ = {isa = PBXBuildFile; fileRef = 8C357AAE27C40E89007DA7B8 /* Assets.xcassets */; };
		8C357AB227C40E89007DA7B8 /* LaunchScreen.storyboard in Resources */ = {isa = PBXBuildFile; fileRef = 8C357AB027C40E89007DA7B8 /* LaunchScreen.storyboard */; };
		8C357AC127C41C98007DA7B8 /* LoginViewController.swift in Sources */ = {isa = PBXBuildFile; fileRef = 8C357AC027C41C98007DA7B8 /* LoginViewController.swift */; };
		8C357AC527C41CA9007DA7B8 /* RegisterViewController.swift in Sources */ = {isa = PBXBuildFile; fileRef = 8C357AC427C41CA9007DA7B8 /* RegisterViewController.swift */; };
		8C357AC827C41CC6007DA7B8 /* PhotoViewerViewController.swift in Sources */ = {isa = PBXBuildFile; fileRef = 8C357AC727C41CC6007DA7B8 /* PhotoViewerViewController.swift */; };
		8C357ACB27C41CDD007DA7B8 /* VideoPlayerViewController.swift in Sources */ = {isa = PBXBuildFile; fileRef = 8C357ACA27C41CDD007DA7B8 /* VideoPlayerViewController.swift */; };
		8C357ACE27C41CF3007DA7B8 /* NewConversationViewController.swift in Sources */ = {isa = PBXBuildFile; fileRef = 8C357ACD27C41CF3007DA7B8 /* NewConversationViewController.swift */; };
		8C357AD127C41D05007DA7B8 /* ProfileViewController.swift in Sources */ = {isa = PBXBuildFile; fileRef = 8C357AD027C41D05007DA7B8 /* ProfileViewController.swift */; };
/* End PBXBuildFile section */

/* Begin PBXFileReference section */
		8C357A9F27C40E7F007DA7B8 /* MessangerProject.app */ = {isa = PBXFileReference; explicitFileType = wrapper.application; includeInIndex = 0; path = MessangerProject.app; sourceTree = BUILT_PRODUCTS_DIR; };
		8C357AA227C40E7F007DA7B8 /* AppDelegate.swift */ = {isa = PBXFileReference; lastKnownFileType = sourcecode.swift; path = AppDelegate.swift; sourceTree = "<group>"; };
		8C357AA427C40E7F007DA7B8 /* SceneDelegate.swift */ = {isa = PBXFileReference; lastKnownFileType = sourcecode.swift; path = SceneDelegate.swift; sourceTree = "<group>"; };
		8C357AA627C40E7F007DA7B8 /* ConversationsViewController.swift */ = {isa = PBXFileReference; lastKnownFileType = sourcecode.swift; path = ConversationsViewController.swift; sourceTree = "<group>"; };
		8C357AA927C40E7F007DA7B8 /* Base */ = {isa = PBXFileReference; lastKnownFileType = file.storyboard; name = Base; path = Base.lproj/Main.storyboard; sourceTree = "<group>"; };
		8C357AAC27C40E7F007DA7B8 /* MessangerProject.xcdatamodel */ = {isa = PBXFileReference; lastKnownFileType = wrapper.xcdatamodel; path = MessangerProject.xcdatamodel; sourceTree = "<group>"; };
		8C357AAE27C40E89007DA7B8 /* Assets.xcassets */ = {isa = PBXFileReference; lastKnownFileType = folder.assetcatalog; path = Assets.xcassets; sourceTree = "<group>"; };
		8C357AB127C40E89007DA7B8 /* Base */ = {isa = PBXFileReference; lastKnownFileType = file.storyboard; name = Base; path = Base.lproj/LaunchScreen.storyboard; sourceTree = "<group>"; };
		8C357AB327C40E89007DA7B8 /* Info.plist */ = {isa = PBXFileReference; lastKnownFileType = text.plist.xml; path = Info.plist; sourceTree = "<group>"; };
		8C357AC027C41C98007DA7B8 /* LoginViewController.swift */ = {isa = PBXFileReference; lastKnownFileType = sourcecode.swift; path = LoginViewController.swift; sourceTree = "<group>"; };
		8C357AC427C41CA9007DA7B8 /* RegisterViewController.swift */ = {isa = PBXFileReference; lastKnownFileType = sourcecode.swift; path = RegisterViewController.swift; sourceTree = "<group>"; };
		8C357AC727C41CC6007DA7B8 /* PhotoViewerViewController.swift */ = {isa = PBXFileReference; lastKnownFileType = sourcecode.swift; path = PhotoViewerViewController.swift; sourceTree = "<group>"; };
		8C357ACA27C41CDD007DA7B8 /* VideoPlayerViewController.swift */ = {isa = PBXFileReference; lastKnownFileType = sourcecode.swift; path = VideoPlayerViewController.swift; sourceTree = "<group>"; };
		8C357ACD27C41CF3007DA7B8 /* NewConversationViewController.swift */ = {isa = PBXFileReference; lastKnownFileType = sourcecode.swift; path = NewConversationViewController.swift; sourceTree = "<group>"; };
		8C357AD027C41D05007DA7B8 /* ProfileViewController.swift */ = {isa = PBXFileReference; lastKnownFileType = sourcecode.swift; path = ProfileViewController.swift; sourceTree = "<group>"; };
/* End PBXFileReference section */

/* Begin PBXFrameworksBuildPhase section */
		8C357A9C27C40E7F007DA7B8 /* Frameworks */ = {
			isa = PBXFrameworksBuildPhase;
			buildActionMask = 2147483647;
			files = (
			);
			runOnlyForDeploymentPostprocessing = 0;
		};
/* End PBXFrameworksBuildPhase section */

/* Begin PBXGroup section */
		8C357A9627C40E7F007DA7B8 = {
			isa = PBXGroup;
			children = (
				8C357ABD27C41B3A007DA7B8 /* Resources */,
				8C357ABC27C41B29007DA7B8 /* ViewModels */,
				8C357ABB27C41B1E007DA7B8 /* Controllers */,
				8C357ABA27C41B16007DA7B8 /* Views */,
				8C357AA127C40E7F007DA7B8 /* MessangerProject */,
				8C357AA027C40E7F007DA7B8 /* Products */,
			);
			sourceTree = "<group>";
		};
		8C357AA027C40E7F007DA7B8 /* Products */ = {
			isa = PBXGroup;
			children = (
				8C357A9F27C40E7F007DA7B8 /* MessangerProject.app */,
			);
			name = Products;
			sourceTree = "<group>";
		};
		8C357AA127C40E7F007DA7B8 /* MessangerProject */ = {
			isa = PBXGroup;
			children = (
				8C357AB327C40E89007DA7B8 /* Info.plist */,
				8C357AAB27C40E7F007DA7B8 /* MessangerProject.xcdatamodeld */,
			);
			path = MessangerProject;
			sourceTree = "<group>";
		};
		8C357ABA27C41B16007DA7B8 /* Views */ = {
			isa = PBXGroup;
			children = (
				8C357AAE27C40E89007DA7B8 /* Assets.xcassets */,
				8C357ABE27C41B43007DA7B8 /* Storyboard */,
				8C357AA827C40E7F007DA7B8 /* Main.storyboard */,
				8C357AB027C40E89007DA7B8 /* LaunchScreen.storyboard */,
			);
			path = Views;
			sourceTree = "<group>";
		};
		8C357ABB27C41B1E007DA7B8 /* Controllers */ = {
			isa = PBXGroup;
			children = (
				8C357AA627C40E7F007DA7B8 /* ConversationsViewController.swift */,
				8C357AC027C41C98007DA7B8 /* LoginViewController.swift */,
				8C357AC427C41CA9007DA7B8 /* RegisterViewController.swift */,
				8C357AC727C41CC6007DA7B8 /* PhotoViewerViewController.swift */,
				8C357ACA27C41CDD007DA7B8 /* VideoPlayerViewController.swift */,
				8C357ACD27C41CF3007DA7B8 /* NewConversationViewController.swift */,
				8C357AD027C41D05007DA7B8 /* ProfileViewController.swift */,
			);
			path = Controllers;
			sourceTree = "<group>";
		};
		8C357ABC27C41B29007DA7B8 /* ViewModels */ = {
			isa = PBXGroup;
			children = (
			);
			path = ViewModels;
			sourceTree = "<group>";
		};
		8C357ABD27C41B3A007DA7B8 /* Resources */ = {
			isa = PBXGroup;
			children = (
				8C357AA227C40E7F007DA7B8 /* AppDelegate.swift */,
				8C357AA427C40E7F007DA7B8 /* SceneDelegate.swift */,
			);
			path = Resources;
			sourceTree = "<group>";
		};
		8C357ABE27C41B43007DA7B8 /* Storyboard */ = {
			isa = PBXGroup;
			children = (
			);
			path = Storyboard;
			sourceTree = "<group>";
		};
/* End PBXGroup section */

/* Begin PBXNativeTarget section */
		8C357A9E27C40E7F007DA7B8 /* MessangerProject */ = {
			isa = PBXNativeTarget;
			buildConfigurationList = 8C357AB627C40E89007DA7B8 /* Build configuration list for PBXNativeTarget "MessangerProject" */;
			buildPhases = (
				8C357A9B27C40E7F007DA7B8 /* Sources */,
				8C357A9C27C40E7F007DA7B8 /* Frameworks */,
				8C357A9D27C40E7F007DA7B8 /* Resources */,
			);
			buildRules = (
			);
			dependencies = (
			);
			name = MessangerProject;
			productName = MessangerProject;
			productReference = 8C357A9F27C40E7F007DA7B8 /* MessangerProject.app */;
			productType = "com.apple.product-type.application";
		};
/* End PBXNativeTarget section */

/* Begin PBXProject section */
		8C357A9727C40E7F007DA7B8 /* Project object */ = {
			isa = PBXProject;
			attributes = {
				LastSwiftUpdateCheck = 1240;
				LastUpgradeCheck = 1240;
				TargetAttributes = {
					8C357A9E27C40E7F007DA7B8 = {
						CreatedOnToolsVersion = 12.4;
					};
				};
			};
			buildConfigurationList = 8C357A9A27C40E7F007DA7B8 /* Build configuration list for PBXProject "MessangerProject" */;
			compatibilityVersion = "Xcode 9.3";
			developmentRegion = en;
			hasScannedForEncodings = 0;
			knownRegions = (
				en,
				Base,
			);
			mainGroup = 8C357A9627C40E7F007DA7B8;
			productRefGroup = 8C357AA027C40E7F007DA7B8 /* Products */;
			projectDirPath = "";
			projectRoot = "";
			targets = (
				8C357A9E27C40E7F007DA7B8 /* MessangerProject */,
			);
		};
/* End PBXProject section */

/* Begin PBXResourcesBuildPhase section */
		8C357A9D27C40E7F007DA7B8 /* Resources */ = {
			isa = PBXResourcesBuildPhase;
			buildActionMask = 2147483647;
			files = (
				8C357AB227C40E89007DA7B8 /* LaunchScreen.storyboard in Resources */,
				8C357AAF27C40E89007DA7B8 /* Assets.xcassets in Resources */,
				8C357AAA27C40E7F007DA7B8 /* Main.storyboard in Resources */,
			);
			runOnlyForDeploymentPostprocessing = 0;
		};
/* End PBXResourcesBuildPhase section */

/* Begin PBXSourcesBuildPhase section */
		8C357A9B27C40E7F007DA7B8 /* Sources */ = {
			isa = PBXSourcesBuildPhase;
			buildActionMask = 2147483647;
			files = (
				8C357AA727C40E7F007DA7B8 /* ConversationsViewController.swift in Sources */,
				8C357AAD27C40E7F007DA7B8 /* MessangerProject.xcdatamodeld in Sources */,
				8C357AD127C41D05007DA7B8 /* ProfileViewController.swift in Sources */,
				8C357AA327C40E7F007DA7B8 /* AppDelegate.swift in Sources */,
				8C357AC827C41CC6007DA7B8 /* PhotoViewerViewController.swift in Sources */,
				8C357AC527C41CA9007DA7B8 /* RegisterViewController.swift in Sources */,
				8C357ACB27C41CDD007DA7B8 /* VideoPlayerViewController.swift in Sources */,
				8C357ACE27C41CF3007DA7B8 /* NewConversationViewController.swift in Sources */,
				8C357AC127C41C98007DA7B8 /* LoginViewController.swift in Sources */,
				8C357AA527C40E7F007DA7B8 /* SceneDelegate.swift in Sources */,
			);
			runOnlyForDeploymentPostprocessing = 0;
		};
/* End PBXSourcesBuildPhase section */

/* Begin PBXVariantGroup section */
		8C357AA827C40E7F007DA7B8 /* Main.storyboard */ = {
			isa = PBXVariantGroup;
			children = (
				8C357AA927C40E7F007DA7B8 /* Base */,
			);
			name = Main.storyboard;
			sourceTree = "<group>";
		};
		8C357AB027C40E89007DA7B8 /* LaunchScreen.storyboard */ = {
			isa = PBXVariantGroup;
			children = (
				8C357AB127C40E89007DA7B8 /* Base */,
			);
			name = LaunchScreen.storyboard;
			sourceTree = "<group>";
		};
/* End PBXVariantGroup section */

/* Begin XCBuildConfiguration section */
		8C357AB427C40E89007DA7B8 /* Debug */ = {
			isa = XCBuildConfiguration;
			buildSettings = {
				ALWAYS_SEARCH_USER_PATHS = NO;
				CLANG_ANALYZER_NONNULL = YES;
				CLANG_ANALYZER_NUMBER_OBJECT_CONVERSION = YES_AGGRESSIVE;
				CLANG_CXX_LANGUAGE_STANDARD = "gnu++14";
				CLANG_CXX_LIBRARY = "libc++";
				CLANG_ENABLE_MODULES = YES;
				CLANG_ENABLE_OBJC_ARC = YES;
				CLANG_ENABLE_OBJC_WEAK = YES;
				CLANG_WARN_BLOCK_CAPTURE_AUTORELEASING = YES;
				CLANG_WARN_BOOL_CONVERSION = YES;
				CLANG_WARN_COMMA = YES;
				CLANG_WARN_CONSTANT_CONVERSION = YES;
				CLANG_WARN_DEPRECATED_OBJC_IMPLEMENTATIONS = YES;
				CLANG_WARN_DIRECT_OBJC_ISA_USAGE = YES_ERROR;
				CLANG_WARN_DOCUMENTATION_COMMENTS = YES;
				CLANG_WARN_EMPTY_BODY = YES;
				CLANG_WARN_ENUM_CONVERSION = YES;
				CLANG_WARN_INFINITE_RECURSION = YES;
				CLANG_WARN_INT_CONVERSION = YES;
				CLANG_WARN_NON_LITERAL_NULL_CONVERSION = YES;
				CLANG_WARN_OBJC_IMPLICIT_RETAIN_SELF = YES;
				CLANG_WARN_OBJC_LITERAL_CONVERSION = YES;
				CLANG_WARN_OBJC_ROOT_CLASS = YES_ERROR;
				CLANG_WARN_QUOTED_INCLUDE_IN_FRAMEWORK_HEADER = YES;
				CLANG_WARN_RANGE_LOOP_ANALYSIS = YES;
				CLANG_WARN_STRICT_PROTOTYPES = YES;
				CLANG_WARN_SUSPICIOUS_MOVE = YES;
				CLANG_WARN_UNGUARDED_AVAILABILITY = YES_AGGRESSIVE;
				CLANG_WARN_UNREACHABLE_CODE = YES;
				CLANG_WARN__DUPLICATE_METHOD_MATCH = YES;
				COPY_PHASE_STRIP = NO;
				DEBUG_INFORMATION_FORMAT = dwarf;
				ENABLE_STRICT_OBJC_MSGSEND = YES;
				ENABLE_TESTABILITY = YES;
				GCC_C_LANGUAGE_STANDARD = gnu11;
				GCC_DYNAMIC_NO_PIC = NO;
				GCC_NO_COMMON_BLOCKS = YES;
				GCC_OPTIMIZATION_LEVEL = 0;
				GCC_PREPROCESSOR_DEFINITIONS = (
					"DEBUG=1",
					"$(inherited)",
				);
				GCC_WARN_64_TO_32_BIT_CONVERSION = YES;
				GCC_WARN_ABOUT_RETURN_TYPE = YES_ERROR;
				GCC_WARN_UNDECLARED_SELECTOR = YES;
				GCC_WARN_UNINITIALIZED_AUTOS = YES_AGGRESSIVE;
				GCC_WARN_UNUSED_FUNCTION = YES;
				GCC_WARN_UNUSED_VARIABLE = YES;
				IPHONEOS_DEPLOYMENT_TARGET = 14.4;
				MTL_ENABLE_DEBUG_INFO = INCLUDE_SOURCE;
				MTL_FAST_MATH = YES;
				ONLY_ACTIVE_ARCH = YES;
				SDKROOT = iphoneos;
				SWIFT_ACTIVE_COMPILATION_CONDITIONS = DEBUG;
				SWIFT_OPTIMIZATION_LEVEL = "-Onone";
			};
			name = Debug;
		};
		8C357AB527C40E89007DA7B8 /* Release */ = {
			isa = XCBuildConfiguration;
			buildSettings = {
				ALWAYS_SEARCH_USER_PATHS = NO;
				CLANG_ANALYZER_NONNULL = YES;
				CLANG_ANALYZER_NUMBER_OBJECT_CONVERSION = YES_AGGRESSIVE;
				CLANG_CXX_LANGUAGE_STANDARD = "gnu++14";
				CLANG_CXX_LIBRARY = "libc++";
				CLANG_ENABLE_MODULES = YES;
				CLANG_ENABLE_OBJC_ARC = YES;
				CLANG_ENABLE_OBJC_WEAK = YES;
				CLANG_WARN_BLOCK_CAPTURE_AUTORELEASING = YES;
				CLANG_WARN_BOOL_CONVERSION = YES;
				CLANG_WARN_COMMA = YES;
				CLANG_WARN_CONSTANT_CONVERSION = YES;
				CLANG_WARN_DEPRECATED_OBJC_IMPLEMENTATIONS = YES;
				CLANG_WARN_DIRECT_OBJC_ISA_USAGE = YES_ERROR;
				CLANG_WARN_DOCUMENTATION_COMMENTS = YES;
				CLANG_WARN_EMPTY_BODY = YES;
				CLANG_WARN_ENUM_CONVERSION = YES;
				CLANG_WARN_INFINITE_RECURSION = YES;
				CLANG_WARN_INT_CONVERSION = YES;
				CLANG_WARN_NON_LITERAL_NULL_CONVERSION = YES;
				CLANG_WARN_OBJC_IMPLICIT_RETAIN_SELF = YES;
				CLANG_WARN_OBJC_LITERAL_CONVERSION = YES;
				CLANG_WARN_OBJC_ROOT_CLASS = YES_ERROR;
				CLANG_WARN_QUOTED_INCLUDE_IN_FRAMEWORK_HEADER = YES;
				CLANG_WARN_RANGE_LOOP_ANALYSIS = YES;
				CLANG_WARN_STRICT_PROTOTYPES = YES;
				CLANG_WARN_SUSPICIOUS_MOVE = YES;
				CLANG_WARN_UNGUARDED_AVAILABILITY = YES_AGGRESSIVE;
				CLANG_WARN_UNREACHABLE_CODE = YES;
				CLANG_WARN__DUPLICATE_METHOD_MATCH = YES;
				COPY_PHASE_STRIP = NO;
				DEBUG_INFORMATION_FORMAT = "dwarf-with-dsym";
				ENABLE_NS_ASSERTIONS = NO;
				ENABLE_STRICT_OBJC_MSGSEND = YES;
				GCC_C_LANGUAGE_STANDARD = gnu11;
				GCC_NO_COMMON_BLOCKS = YES;
				GCC_WARN_64_TO_32_BIT_CONVERSION = YES;
				GCC_WARN_ABOUT_RETURN_TYPE = YES_ERROR;
				GCC_WARN_UNDECLARED_SELECTOR = YES;
				GCC_WARN_UNINITIALIZED_AUTOS = YES_AGGRESSIVE;
				GCC_WARN_UNUSED_FUNCTION = YES;
				GCC_WARN_UNUSED_VARIABLE = YES;
				IPHONEOS_DEPLOYMENT_TARGET = 14.4;
				MTL_ENABLE_DEBUG_INFO = NO;
				MTL_FAST_MATH = YES;
				SDKROOT = iphoneos;
				SWIFT_COMPILATION_MODE = wholemodule;
				SWIFT_OPTIMIZATION_LEVEL = "-O";
				VALIDATE_PRODUCT = YES;
			};
			name = Release;
		};
		8C357AB727C40E89007DA7B8 /* Debug */ = {
			isa = XCBuildConfiguration;
			buildSettings = {
				ASSETCATALOG_COMPILER_APPICON_NAME = AppIcon;
				ASSETCATALOG_COMPILER_GLOBAL_ACCENT_COLOR_NAME = AccentColor;
				CODE_SIGN_STYLE = Automatic;
				DEVELOPMENT_TEAM = CRPB5AHSY2;
				INFOPLIST_FILE = MessangerProject/Info.plist;
				LD_RUNPATH_SEARCH_PATHS = (
					"$(inherited)",
					"@executable_path/Frameworks",
				);
				PRODUCT_BUNDLE_IDENTIFIER = NateW.MessangerProject;
				PRODUCT_NAME = "$(TARGET_NAME)";
				SWIFT_VERSION = 5.0;
				TARGETED_DEVICE_FAMILY = "1,2";
			};
			name = Debug;
		};
		8C357AB827C40E89007DA7B8 /* Release */ = {
			isa = XCBuildConfiguration;
			buildSettings = {
				ASSETCATALOG_COMPILER_APPICON_NAME = AppIcon;
				ASSETCATALOG_COMPILER_GLOBAL_ACCENT_COLOR_NAME = AccentColor;
				CODE_SIGN_STYLE = Automatic;
				DEVELOPMENT_TEAM = CRPB5AHSY2;
				INFOPLIST_FILE = MessangerProject/Info.plist;
				LD_RUNPATH_SEARCH_PATHS = (
					"$(inherited)",
					"@executable_path/Frameworks",
				);
				PRODUCT_BUNDLE_IDENTIFIER = NateW.MessangerProject;
				PRODUCT_NAME = "$(TARGET_NAME)";
				SWIFT_VERSION = 5.0;
				TARGETED_DEVICE_FAMILY = "1,2";
			};
			name = Release;
		};
/* End XCBuildConfiguration section */

/* Begin XCConfigurationList section */
		8C357A9A27C40E7F007DA7B8 /* Build configuration list for PBXProject "MessangerProject" */ = {
			isa = XCConfigurationList;
			buildConfigurations = (
				8C357AB427C40E89007DA7B8 /* Debug */,
				8C357AB527C40E89007DA7B8 /* Release */,
			);
			defaultConfigurationIsVisible = 0;
			defaultConfigurationName = Release;
		};
		8C357AB627C40E89007DA7B8 /* Build configuration list for PBXNativeTarget "MessangerProject" */ = {
			isa = XCConfigurationList;
			buildConfigurations = (
				8C357AB727C40E89007DA7B8 /* Debug */,
				8C357AB827C40E89007DA7B8 /* Release */,
			);
			defaultConfigurationIsVisible = 0;
			defaultConfigurationName = Release;
		};
/* End XCConfigurationList section */

/* Begin XCVersionGroup section */
		8C357AAB27C40E7F007DA7B8 /* MessangerProject.xcdatamodeld */ = {
			isa = XCVersionGroup;
			children = (
				8C357AAC27C40E7F007DA7B8 /* MessangerProject.xcdatamodel */,
			);
			currentVersion = 8C357AAC27C40E7F007DA7B8 /* MessangerProject.xcdatamodel */;
			path = MessangerProject.xcdatamodeld;
			sourceTree = "<group>";
			versionGroupType = wrapper.xcdatamodel;
		};
/* End XCVersionGroup section */
	};
	rootObject = 8C357A9727C40E7F007DA7B8 /* Project object */;
}
